	<Project xmlns="http://schemas.microsoft.com/developer/msbuild/2003">
		<PropertyGroup>
			<ProjectGuid>{1C25D9BC-4FF4-415C-A6FE-9F9431286814}</ProjectGuid>
			<MainSource>D2009DIBRuntime.dpk</MainSource>
			<ProjectVersion>12.0</ProjectVersion>
			<Config Condition="'$(Config)'==''">Debug</Config>
			<DCC_DCCCompiler>DCC32</DCC_DCCCompiler>
		</PropertyGroup>
		<PropertyGroup Condition="'$(Config)'=='Base' or '$(Base)'!=''">
			<Base>true</Base>
		</PropertyGroup>
		<PropertyGroup Condition="'$(Config)'=='Release' or '$(Cfg_1)'!=''">
			<Cfg_1>true</Cfg_1>
			<CfgParent>Base</CfgParent>
			<Base>true</Base>
		</PropertyGroup>
		<PropertyGroup Condition="'$(Config)'=='Debug' or '$(Cfg_2)'!=''">
			<Cfg_2>true</Cfg_2>
			<CfgParent>Base</CfgParent>
			<Base>true</Base>
		</PropertyGroup>
		<PropertyGroup Condition="'$(Base)'!=''">
			<DCC_Description>Droopy eyes - DIBControls</DCC_Description>
			<DCC_ImageBase>00400000</DCC_ImageBase>
			<DCC_SymbolReferenceInfo>1</DCC_SymbolReferenceInfo>
			<GenPackage>true</GenPackage>
			<DCC_UnitAlias>WinTypes=Windows;WinProcs=Windows;DbiTypes=BDE;DbiProcs=BDE;DbiErrs=BDE;$(DCC_UnitAlias)</DCC_UnitAlias>
			<DCC_Platform>x86</DCC_Platform>
			<DCC_DependencyCheckOutputName>C:\Users\Public\Documents\RAD Studio\6.0\Bpl\D2009DIBRuntime.bpl</DCC_DependencyCheckOutputName>
			<DCC_N>false</DCC_N>
			<DCC_S>false</DCC_S>
			<GenDll>true</GenDll>
			<DCC_E>false</DCC_E>
			<DCC_F>false</DCC_F>
			<DCC_K>false</DCC_K>
		</PropertyGroup>
		<PropertyGroup Condition="'$(Cfg_1)'!=''">
			<DCC_LocalDebugSymbols>false</DCC_LocalDebugSymbols>
			<DCC_Define>RELEASE;$(DCC_Define)</DCC_Define>
			<DCC_SymbolReferenceInfo>0</DCC_SymbolReferenceInfo>
			<DCC_DebugInformation>false</DCC_DebugInformation>
		</PropertyGroup>
		<PropertyGroup Condition="'$(Cfg_2)'!=''">
			<DCC_Define>DEBUG;$(DCC_Define)</DCC_Define>
		</PropertyGroup>
		<ItemGroup>
			<DelphiCompile Include="D2009DIBRuntime.dpk">
				<MainSource>MainSource</MainSource>
			</DelphiCompile>
			<DCCReference Include="..\..\Source\cDIBAnimContainer.dcr"/>
			<DCCReference Include="..\..\Source\cDIBAnimMgr.dcr"/>
			<DCCReference Include="..\..\Source\cDIBBorder.dcr"/>
			<DCCReference Include="..\..\Source\cDIBButton.dcr"/>
			<DCCReference Include="..\..\Source\cDIBDial.dcr"/>
			<DCCReference Include="..\..\Source\cDIBEdit.dcr"/>
			<DCCReference Include="..\..\Source\cDIBFadeLabel.dcr"/>
			<DCCReference Include="..\..\Source\cDIBFormShaper.dcr"/>
			<DCCReference Include="..\..\Source\cDIBImage.dcr"/>
			<DCCReference Include="..\..\Source\cDIBImageList.dcr"/>
			<DCCReference Include="..\..\Source\cDIBKnob.dcr"/>
			<DCCReference Include="..\..\Source\cDIBMagnifier.dcr"/>
			<DCCReference Include="..\..\Source\cDIBPalette.dcr"/>
			<DCCReference Include="..\..\Source\cDIBPanel.dcr"/>
			<DCCReference Include="..\..\Source\cDIBSettings.dcr"/>
			<DCCReference Include="..\..\Source\cDIBSlider.dcr"/>
			<DCCReference Include="..\..\Source\cDIBTimer.dcr"/>
			<DCCReference Include="..\..\Source\cDIBWavList.dcr"/>
			<DCCReference Include="rtl.dcp"/>
			<DCCReference Include="vcl.dcp"/>
			<DCCReference Include="vclimg.dcp"/>
			<DCCReference Include="..\..\Source\cDIB.pas"/>
			<DCCReference Include="..\..\Source\cDIBCompressor.pas"/>
			<DCCReference Include="..\..\Source\cDIBControl.pas"/>
			<DCCReference Include="..\..\Source\cDIBFeatures.pas"/>
			<DCCReference Include="..\..\Source\cDIBFormat.pas"/>
			<DCCReference Include="..\..\Source\cDIBGlyphButton.pas"/>
			<DCCReference Include="..\..\Source\cDIBStandardCompressors.pas"/>
			<DCCReference Include="..\..\Source\cDIBStandardFilters.pas"/>
			<DCCReference Include="..\..\Source\cmpLZH.pas"/>
			<DCCReference Include="..\..\Source\DIBCommon.pas"/>
			<DCCReference Include="..\..\Source\cDIBAnimContainer.pas"/>
			<DCCReference Include="..\..\Source\cDIBAnimMgr.pas"/>
			<DCCReference Include="..\..\Source\cDIBBorder.pas"/>
			<DCCReference Include="..\..\Source\cDIBButton.pas"/>
			<DCCReference Include="..\..\Source\cDIBDial.pas"/>
			<DCCReference Include="..\..\Source\cDIBEdit.pas"/>
			<DCCReference Include="..\..\Source\cDIBFadeLabel.pas"/>
			<DCCReference Include="..\..\Source\cDIBFormShaper.pas"/>
			<DCCReference Include="..\..\Source\cDIBImage.pas"/>
			<DCCReference Include="..\..\Source\cDIBImageList.pas"/>
			<DCCReference Include="..\..\Source\cDIBKnob.pas"/>
			<DCCReference Include="..\..\Source\cDIBMagnifier.pas"/>
			<DCCReference Include="..\..\Source\cDIBPalette.pas"/>
			<DCCReference Include="..\..\Source\cDIBPanel.pas"/>
			<DCCReference Include="..\..\Source\cDIBSettings.pas"/>
			<DCCReference Include="..\..\Source\cDIBSlider.pas"/>
			<DCCReference Include="..\..\Source\cDIBTimer.pas"/>
			<DCCReference Include="..\..\Source\cDIBWavList.pas"/>
			<DCCReference Include="..\..\OpenSource\DIBLZH.PAS"/>
			<DCCReference Include="..\..\PictureFormats\DIBPCXFormat.pas"/>
			<DCCReference Include="..\..\PictureFormats\DIBRSBFormat.pas"/>
			<DCCReference Include="..\..\Source\cDIBAnimContainer.dcr"/>
			<DCCReference Include="..\..\Source\cDIBAnimMgr.dcr"/>
			<DCCReference Include="..\..\Source\cDIBBorder.dcr"/>
			<DCCReference Include="..\..\Source\cDIBButton.dcr"/>
			<DCCReference Include="..\..\Source\cDIBDial.dcr"/>
			<DCCReference Include="..\..\Source\cDIBEdit.dcr"/>
			<DCCReference Include="..\..\Source\cDIBFadeLabel.dcr"/>
			<DCCReference Include="..\..\Source\cDIBFormShaper.dcr"/>
			<DCCReference Include="..\..\Source\cDIBImage.dcr"/>
			<DCCReference Include="..\..\Source\cDIBImageList.dcr"/>
			<DCCReference Include="..\..\Source\cDIBKnob.dcr"/>
			<DCCReference Include="..\..\Source\cDIBMagnifier.dcr"/>
			<DCCReference Include="..\..\Source\cDIBPalette.dcr"/>
			<DCCReference Include="..\..\Source\cDIBPanel.dcr"/>
			<DCCReference Include="..\..\Source\cDIBSettings.dcr"/>
			<DCCReference Include="..\..\Source\cDIBSlider.dcr"/>
			<DCCReference Include="..\..\Source\cDIBTimer.dcr"/>
			<DCCReference Include="..\..\Source\cDIBWavList.dcr"/>
			<BuildConfiguration Include="Base">
				<Key>Base</Key>
			</BuildConfiguration>
			<BuildConfiguration Include="Debug">
				<Key>Cfg_2</Key>
				<CfgParent>Base</CfgParent>
			</BuildConfiguration>
			<BuildConfiguration Include="Release">
				<Key>Cfg_1</Key>
				<CfgParent>Base</CfgParent>
			</BuildConfiguration>
		</ItemGroup>
		<Import Project="$(BDS)\Bin\CodeGear.Delphi.Targets" Condition="Exists('$(BDS)\Bin\CodeGear.Delphi.Targets')"/>
		<ProjectExtensions>
			<Borland.Personality>Delphi.Personality.12</Borland.Personality>
			<Borland.ProjectType>Package</Borland.ProjectType>
			<BorlandProject>
				<Delphi.Personality>
					<Source>
						<Source Name="MainSource">D2009DIBRuntime.dpk</Source>
					</Source>
					<Parameters>
						<Parameters Name="UseLauncher">False</Parameters>
						<Parameters Name="LoadAllSymbols">True</Parameters>
						<Parameters Name="LoadUnspecifiedSymbols">False</Parameters>
					</Parameters>
					<VersionInfo>
						<VersionInfo Name="IncludeVerInfo">True</VersionInfo>
						<VersionInfo Name="AutoIncBuild">False</VersionInfo>
						<VersionInfo Name="MajorVer">1</VersionInfo>
						<VersionInfo Name="MinorVer">0</VersionInfo>
						<VersionInfo Name="Release">0</VersionInfo>
						<VersionInfo Name="Build">0</VersionInfo>
						<VersionInfo Name="Debug">False</VersionInfo>
						<VersionInfo Name="PreRelease">False</VersionInfo>
						<VersionInfo Name="Special">False</VersionInfo>
						<VersionInfo Name="Private">False</VersionInfo>
						<VersionInfo Name="DLL">False</VersionInfo>
						<VersionInfo Name="Locale">2057</VersionInfo>
						<VersionInfo Name="CodePage">1252</VersionInfo>
					</VersionInfo>
					<VersionInfoKeys>
						<VersionInfoKeys Name="CompanyName"/>
						<VersionInfoKeys Name="FileDescription"/>
						<VersionInfoKeys Name="FileVersion">1.0.0.0</VersionInfoKeys>
						<VersionInfoKeys Name="InternalName"/>
						<VersionInfoKeys Name="LegalCopyright"/>
						<VersionInfoKeys Name="LegalTrademarks"/>
						<VersionInfoKeys Name="OriginalFilename"/>
						<VersionInfoKeys Name="ProductName"/>
						<VersionInfoKeys Name="ProductVersion">1.0.0.0</VersionInfoKeys>
						<VersionInfoKeys Name="Comments"/>
					</VersionInfoKeys>
				</Delphi.Personality>
			</BorlandProject>
			<ProjectFileVersion>12</ProjectFileVersion>
		</ProjectExtensions>
	</Project>
